
Microsoft Visual Studio Solution File, Format Version 12.00
# Visual Studio Version 17
VisualStudioVersion = 17.0.31903.59
MinimumVisualStudioVersion = 10.0.40219.1
Project("{2150E333-8FDC-42A3-9474-1A3956D46DE8}") = "src", "src", "{0295FBD7-EE46-4560-AB17-51EBFE09D840}"
EndProject
Project("{FAE04EC0-301F-11D3-BF4B-00C04F79EFBC}") = "AuctionService", "src\AuctionService\AuctionService.csproj", "{4AF82E34-D141-4E64-803C-C67D1350E8DA}"
EndProject
Project("{FAE04EC0-301F-11D3-BF4B-00C04F79EFBC}") = "SearchService", "src\SearchService\SearchService.csproj", "{B9654002-AD2F-4704-B348-8046A80ED967}"
EndProject
Project("{FAE04EC0-301F-11D3-BF4B-00C04F79EFBC}") = "Contracts", "src\Contracts\Contracts.csproj", "{48AD8F16-32AF-4FC7-A02F-9073D7DFC289}"
EndProject
Project("{FAE04EC0-301F-11D3-BF4B-00C04F79EFBC}") = "IdentityService", "src\IdentityService\IdentityService.csproj", "{251E593B-EDB7-4A33-BC0A-C7418487403E}"
EndProject
Project("{FAE04EC0-301F-11D3-BF4B-00C04F79EFBC}") = "GatewayService", "src\GatewayService\GatewayService.csproj", "{CE84AF97-EEA8-41BA-9BC9-745420301DE8}"
EndProject
Global
	GlobalSection(SolutionConfigurationPlatforms) = preSolution
		Debug|Any CPU = Debug|Any CPU
		Release|Any CPU = Release|Any CPU
	EndGlobalSection
	GlobalSection(ProjectConfigurationPlatforms) = postSolution
		{4AF82E34-D141-4E64-803C-C67D1350E8DA}.Debug|Any CPU.ActiveCfg = Debug|Any CPU
		{4AF82E34-D141-4E64-803C-C67D1350E8DA}.Debug|Any CPU.Build.0 = Debug|Any CPU
		{4AF82E34-D141-4E64-803C-C67D1350E8DA}.Release|Any CPU.ActiveCfg = Release|Any CPU
		{4AF82E34-D141-4E64-803C-C67D1350E8DA}.Release|Any CPU.Build.0 = Release|Any CPU
		{B9654002-AD2F-4704-B348-8046A80ED967}.Debug|Any CPU.ActiveCfg = Debug|Any CPU
		{B9654002-AD2F-4704-B348-8046A80ED967}.Debug|Any CPU.Build.0 = Debug|Any CPU
		{B9654002-AD2F-4704-B348-8046A80ED967}.Release|Any CPU.ActiveCfg = Release|Any CPU
		{B9654002-AD2F-4704-B348-8046A80ED967}.Release|Any CPU.Build.0 = Release|Any CPU
		{48AD8F16-32AF-4FC7-A02F-9073D7DFC289}.Debug|Any CPU.ActiveCfg = Debug|Any CPU
		{48AD8F16-32AF-4FC7-A02F-9073D7DFC289}.Debug|Any CPU.Build.0 = Debug|Any CPU
		{48AD8F16-32AF-4FC7-A02F-9073D7DFC289}.Release|Any CPU.ActiveCfg = Release|Any CPU
		{48AD8F16-32AF-4FC7-A02F-9073D7DFC289}.Release|Any CPU.Build.0 = Release|Any CPU
		{251E593B-EDB7-4A33-BC0A-C7418487403E}.Debug|Any CPU.ActiveCfg = Debug|Any CPU
		{251E593B-EDB7-4A33-BC0A-C7418487403E}.Debug|Any CPU.Build.0 = Debug|Any CPU
		{251E593B-EDB7-4A33-BC0A-C7418487403E}.Release|Any CPU.ActiveCfg = Release|Any CPU
		{251E593B-EDB7-4A33-BC0A-C7418487403E}.Release|Any CPU.Build.0 = Release|Any CPU
		{CE84AF97-EEA8-41BA-9BC9-745420301DE8}.Debug|Any CPU.ActiveCfg = Debug|Any CPU
		{CE84AF97-EEA8-41BA-9BC9-745420301DE8}.Debug|Any CPU.Build.0 = Debug|Any CPU
		{CE84AF97-EEA8-41BA-9BC9-745420301DE8}.Release|Any CPU.ActiveCfg = Release|Any CPU
		{CE84AF97-EEA8-41BA-9BC9-745420301DE8}.Release|Any CPU.Build.0 = Release|Any CPU
	EndGlobalSection
	GlobalSection(SolutionProperties) = preSolution
		HideSolutionNode = FALSE
	EndGlobalSection
	GlobalSection(NestedProjects) = preSolution
		{4AF82E34-D141-4E64-803C-C67D1350E8DA} = {0295FBD7-EE46-4560-AB17-51EBFE09D840}
		{B9654002-AD2F-4704-B348-8046A80ED967} = {0295FBD7-EE46-4560-AB17-51EBFE09D840}
		{48AD8F16-32AF-4FC7-A02F-9073D7DFC289} = {0295FBD7-EE46-4560-AB17-51EBFE09D840}
		{251E593B-EDB7-4A33-BC0A-C7418487403E} = {0295FBD7-EE46-4560-AB17-51EBFE09D840}
		{CE84AF97-EEA8-41BA-9BC9-745420301DE8} = {0295FBD7-EE46-4560-AB17-51EBFE09D840}
	EndGlobalSection
EndGlobal
